// !$*UTF8*$!
{
	archiveVersion = 1;
	classes = {
	};
	objectVersion = 46;
	objects = {

/* Begin PBXBuildFile section */
		0815F4061CE31BF900DF0AD9 /* RuoshuiAnimationViewController.m in Sources */ = {isa = PBXBuildFile; fileRef = 0815F4051CE31BF900DF0AD9 /* RuoshuiAnimationViewController.m */; };
		0841C08A1CEEC5F700EB416C /* WaveView.m in Sources */ = {isa = PBXBuildFile; fileRef = 0841C0891CEEC5F700EB416C /* WaveView.m */; };
		08A5CEDD1CD0F39300A26EF2 /* main.m in Sources */ = {isa = PBXBuildFile; fileRef = 08A5CEDC1CD0F39300A26EF2 /* main.m */; };
		08A5CEE01CD0F39300A26EF2 /* AppDelegate.m in Sources */ = {isa = PBXBuildFile; fileRef = 08A5CEDF1CD0F39300A26EF2 /* AppDelegate.m */; };
		08A5CEE31CD0F39300A26EF2 /* ViewController.m in Sources */ = {isa = PBXBuildFile; fileRef = 08A5CEE21CD0F39300A26EF2 /* ViewController.m */; };
		08A5CEE61CD0F39300A26EF2 /* Main.storyboard in Resources */ = {isa = PBXBuildFile; fileRef = 08A5CEE41CD0F39300A26EF2 /* Main.storyboard */; };
		08A5CEE81CD0F39300A26EF2 /* Assets.xcassets in Resources */ = {isa = PBXBuildFile; fileRef = 08A5CEE71CD0F39300A26EF2 /* Assets.xcassets */; };
		08A5CEEB1CD0F39300A26EF2 /* LaunchScreen.storyboard in Resources */ = {isa = PBXBuildFile; fileRef = 08A5CEE91CD0F39300A26EF2 /* LaunchScreen.storyboard */; };
		08A5CEF61CD0F39300A26EF2 /* XSZDanmuDemoTests.m in Sources */ = {isa = PBXBuildFile; fileRef = 08A5CEF51CD0F39300A26EF2 /* XSZDanmuDemoTests.m */; };
		08A5CF011CD0F39300A26EF2 /* XSZDanmuDemoUITests.m in Sources */ = {isa = PBXBuildFile; fileRef = 08A5CF001CD0F39300A26EF2 /* XSZDanmuDemoUITests.m */; };
		08A5CF111CD0F3C900A26EF2 /* XSZDanMuView.m in Sources */ = {isa = PBXBuildFile; fileRef = 08A5CF101CD0F3C900A26EF2 /* XSZDanMuView.m */; };
		08A8F3F91CD244A4008505DD /* CalendarViewCell.m in Sources */ = {isa = PBXBuildFile; fileRef = 08A8F3ED1CD244A4008505DD /* CalendarViewCell.m */; };
		08A8F3FA1CD244A4008505DD /* CalendarViewController.m in Sources */ = {isa = PBXBuildFile; fileRef = 08A8F3EF1CD244A4008505DD /* CalendarViewController.m */; };
		08A8F3FB1CD244A4008505DD /* HeadReusableView.m in Sources */ = {isa = PBXBuildFile; fileRef = 08A8F3F11CD244A4008505DD /* HeadReusableView.m */; };
		08A8F3FC1CD244A4008505DD /* NSDate+YYAdd.m in Sources */ = {isa = PBXBuildFile; fileRef = 08A8F3F31CD244A4008505DD /* NSDate+YYAdd.m */; };
		08A8F3FE1CD244A4008505DD /* Utils.m in Sources */ = {isa = PBXBuildFile; fileRef = 08A8F3F61CD244A4008505DD /* Utils.m */; };
		08A8F3FF1CD244A4008505DD /* XSZCalendar.m in Sources */ = {isa = PBXBuildFile; fileRef = 08A8F3F81CD244A4008505DD /* XSZCalendar.m */; };
/* End PBXBuildFile section */

/* Begin PBXContainerItemProxy section */
		08A5CEF21CD0F39300A26EF2 /* PBXContainerItemProxy */ = {
			isa = PBXContainerItemProxy;
			containerPortal = 08A5CED01CD0F39300A26EF2 /* Project object */;
			proxyType = 1;
			remoteGlobalIDString = 08A5CED71CD0F39300A26EF2;
			remoteInfo = XSZDanmuDemo;
		};
		08A5CEFD1CD0F39300A26EF2 /* PBXContainerItemProxy */ = {
			isa = PBXContainerItemProxy;
			containerPortal = 08A5CED01CD0F39300A26EF2 /* Project object */;
			proxyType = 1;
			remoteGlobalIDString = 08A5CED71CD0F39300A26EF2;
			remoteInfo = XSZDanmuDemo;
		};
/* End PBXContainerItemProxy section */

/* Begin PBXFileReference section */
		0815F4041CE31BF900DF0AD9 /* RuoshuiAnimationViewController.h */ = {isa = PBXFileReference; fileEncoding = 4; lastKnownFileType = sourcecode.c.h; path = RuoshuiAnimationViewController.h; sourceTree = "<group>"; };
		0815F4051CE31BF900DF0AD9 /* RuoshuiAnimationViewController.m */ = {isa = PBXFileReference; fileEncoding = 4; lastKnownFileType = sourcecode.c.objc; path = RuoshuiAnimationViewController.m; sourceTree = "<group>"; };
		0815F4091CE3337000DF0AD9 /* PrefixHeader.pch */ = {isa = PBXFileReference; fileEncoding = 4; lastKnownFileType = sourcecode.c.h; path = PrefixHeader.pch; sourceTree = "<group>"; };
		0841C0881CEEC5F700EB416C /* WaveView.h */ = {isa = PBXFileReference; fileEncoding = 4; lastKnownFileType = sourcecode.c.h; path = WaveView.h; sourceTree = "<group>"; };
		0841C0891CEEC5F700EB416C /* WaveView.m */ = {isa = PBXFileReference; fileEncoding = 4; lastKnownFileType = sourcecode.c.objc; path = WaveView.m; sourceTree = "<group>"; };
		08A5CED81CD0F39300A26EF2 /* XSZDanmuDemo.app */ = {isa = PBXFileReference; explicitFileType = wrapper.application; includeInIndex = 0; path = XSZDanmuDemo.app; sourceTree = BUILT_PRODUCTS_DIR; };
		08A5CEDC1CD0F39300A26EF2 /* main.m */ = {isa = PBXFileReference; lastKnownFileType = sourcecode.c.objc; path = main.m; sourceTree = "<group>"; };
		08A5CEDE1CD0F39300A26EF2 /* AppDelegate.h */ = {isa = PBXFileReference; lastKnownFileType = sourcecode.c.h; path = AppDelegate.h; sourceTree = "<group>"; };
		08A5CEDF1CD0F39300A26EF2 /* AppDelegate.m */ = {isa = PBXFileReference; lastKnownFileType = sourcecode.c.objc; path = AppDelegate.m; sourceTree = "<group>"; };
		08A5CEE11CD0F39300A26EF2 /* ViewController.h */ = {isa = PBXFileReference; lastKnownFileType = sourcecode.c.h; path = ViewController.h; sourceTree = "<group>"; };
		08A5CEE21CD0F39300A26EF2 /* ViewController.m */ = {isa = PBXFileReference; lastKnownFileType = sourcecode.c.objc; path = ViewController.m; sourceTree = "<group>"; };
		08A5CEE51CD0F39300A26EF2 /* Base */ = {isa = PBXFileReference; lastKnownFileType = file.storyboard; name = Base; path = Base.lproj/Main.storyboard; sourceTree = "<group>"; };
		08A5CEE71CD0F39300A26EF2 /* Assets.xcassets */ = {isa = PBXFileReference; lastKnownFileType = folder.assetcatalog; path = Assets.xcassets; sourceTree = "<group>"; };
		08A5CEEA1CD0F39300A26EF2 /* Base */ = {isa = PBXFileReference; lastKnownFileType = file.storyboard; name = Base; path = Base.lproj/LaunchScreen.storyboard; sourceTree = "<group>"; };
		08A5CEEC1CD0F39300A26EF2 /* Info.plist */ = {isa = PBXFileReference; lastKnownFileType = text.plist.xml; path = Info.plist; sourceTree = "<group>"; };
		08A5CEF11CD0F39300A26EF2 /* XSZDanmuDemoTests.xctest */ = {isa = PBXFileReference; explicitFileType = wrapper.cfbundle; includeInIndex = 0; path = XSZDanmuDemoTests.xctest; sourceTree = BUILT_PRODUCTS_DIR; };
		08A5CEF51CD0F39300A26EF2 /* XSZDanmuDemoTests.m */ = {isa = PBXFileReference; lastKnownFileType = sourcecode.c.objc; path = XSZDanmuDemoTests.m; sourceTree = "<group>"; };
		08A5CEF71CD0F39300A26EF2 /* Info.plist */ = {isa = PBXFileReference; lastKnownFileType = text.plist.xml; path = Info.plist; sourceTree = "<group>"; };
		08A5CEFC1CD0F39300A26EF2 /* XSZDanmuDemoUITests.xctest */ = {isa = PBXFileReference; explicitFileType = wrapper.cfbundle; includeInIndex = 0; path = XSZDanmuDemoUITests.xctest; sourceTree = BUILT_PRODUCTS_DIR; };
		08A5CF001CD0F39300A26EF2 /* XSZDanmuDemoUITests.m */ = {isa = PBXFileReference; lastKnownFileType = sourcecode.c.objc; path = XSZDanmuDemoUITests.m; sourceTree = "<group>"; };
		08A5CF021CD0F39300A26EF2 /* Info.plist */ = {isa = PBXFileReference; lastKnownFileType = text.plist.xml; path = Info.plist; sourceTree = "<group>"; };
		08A5CF0F1CD0F3C900A26EF2 /* XSZDanMuView.h */ = {isa = PBXFileReference; fileEncoding = 4; lastKnownFileType = sourcecode.c.h; path = XSZDanMuView.h; sourceTree = "<group>"; };
		08A5CF101CD0F3C900A26EF2 /* XSZDanMuView.m */ = {isa = PBXFileReference; fileEncoding = 4; lastKnownFileType = sourcecode.c.objc; path = XSZDanMuView.m; sourceTree = "<group>"; };
		08A8F3EC1CD244A4008505DD /* CalendarViewCell.h */ = {isa = PBXFileReference; fileEncoding = 4; lastKnownFileType = sourcecode.c.h; path = CalendarViewCell.h; sourceTree = "<group>"; };
		08A8F3ED1CD244A4008505DD /* CalendarViewCell.m */ = {isa = PBXFileReference; fileEncoding = 4; lastKnownFileType = sourcecode.c.objc; path = CalendarViewCell.m; sourceTree = "<group>"; };
		08A8F3EE1CD244A4008505DD /* CalendarViewController.h */ = {isa = PBXFileReference; fileEncoding = 4; lastKnownFileType = sourcecode.c.h; path = CalendarViewController.h; sourceTree = "<group>"; };
		08A8F3EF1CD244A4008505DD /* CalendarViewController.m */ = {isa = PBXFileReference; fileEncoding = 4; lastKnownFileType = sourcecode.c.objc; path = CalendarViewController.m; sourceTree = "<group>"; };
		08A8F3F01CD244A4008505DD /* HeadReusableView.h */ = {isa = PBXFileReference; fileEncoding = 4; lastKnownFileType = sourcecode.c.h; path = HeadReusableView.h; sourceTree = "<group>"; };
		08A8F3F11CD244A4008505DD /* HeadReusableView.m */ = {isa = PBXFileReference; fileEncoding = 4; lastKnownFileType = sourcecode.c.objc; path = HeadReusableView.m; sourceTree = "<group>"; };
		08A8F3F21CD244A4008505DD /* NSDate+YYAdd.h */ = {isa = PBXFileReference; fileEncoding = 4; lastKnownFileType = sourcecode.c.h; path = "NSDate+YYAdd.h"; sourceTree = "<group>"; };
		08A8F3F31CD244A4008505DD /* NSDate+YYAdd.m */ = {isa = PBXFileReference; fileEncoding = 4; lastKnownFileType = sourcecode.c.objc; path = "NSDate+YYAdd.m"; sourceTree = "<group>"; };
		08A8F3F51CD244A4008505DD /* Utils.h */ = {isa = PBXFileReference; fileEncoding = 4; lastKnownFileType = sourcecode.c.h; path = Utils.h; sourceTree = "<group>"; };
		08A8F3F61CD244A4008505DD /* Utils.m */ = {isa = PBXFileReference; fileEncoding = 4; lastKnownFileType = sourcecode.c.objc; path = Utils.m; sourceTree = "<group>"; };
		08A8F3F71CD244A4008505DD /* XSZCalendar.h */ = {isa = PBXFileReference; fileEncoding = 4; lastKnownFileType = sourcecode.c.h; path = XSZCalendar.h; sourceTree = "<group>"; };
		08A8F3F81CD244A4008505DD /* XSZCalendar.m */ = {isa = PBXFileReference; fileEncoding = 4; lastKnownFileType = sourcecode.c.objc; path = XSZCalendar.m; sourceTree = "<group>"; };
/* End PBXFileReference section */

/* Begin PBXFrameworksBuildPhase section */
		08A5CED51CD0F39300A26EF2 /* Frameworks */ = {
			isa = PBXFrameworksBuildPhase;
			buildActionMask = 2147483647;
			files = (
			);
			runOnlyForDeploymentPostprocessing = 0;
		};
		08A5CEEE1CD0F39300A26EF2 /* Frameworks */ = {
			isa = PBXFrameworksBuildPhase;
			buildActionMask = 2147483647;
			files = (
			);
			runOnlyForDeploymentPostprocessing = 0;
		};
		08A5CEF91CD0F39300A26EF2 /* Frameworks */ = {
			isa = PBXFrameworksBuildPhase;
			buildActionMask = 2147483647;
			files = (
			);
			runOnlyForDeploymentPostprocessing = 0;
		};
/* End PBXFrameworksBuildPhase section */

/* Begin PBXGroup section */
		087E24EF1CEEB56B006F85A3 /* WaterDialogView */ = {
			isa = PBXGroup;
			children = (
				0841C0881CEEC5F700EB416C /* WaveView.h */,
				0841C0891CEEC5F700EB416C /* WaveView.m */,
			);
			path = WaterDialogView;
			sourceTree = "<group>";
		};
		08A5CECF1CD0F39300A26EF2 = {
			isa = PBXGroup;
			children = (
				08A5CEDA1CD0F39300A26EF2 /* XSZDanmuDemo */,
				08A5CEF41CD0F39300A26EF2 /* XSZDanmuDemoTests */,
				08A5CEFF1CD0F39300A26EF2 /* XSZDanmuDemoUITests */,
				08A5CED91CD0F39300A26EF2 /* Products */,
			);
			sourceTree = "<group>";
		};
		08A5CED91CD0F39300A26EF2 /* Products */ = {
			isa = PBXGroup;
			children = (
				08A5CED81CD0F39300A26EF2 /* XSZDanmuDemo.app */,
				08A5CEF11CD0F39300A26EF2 /* XSZDanmuDemoTests.xctest */,
				08A5CEFC1CD0F39300A26EF2 /* XSZDanmuDemoUITests.xctest */,
			);
			name = Products;
			sourceTree = "<group>";
		};
		08A5CEDA1CD0F39300A26EF2 /* XSZDanmuDemo */ = {
			isa = PBXGroup;
			children = (
				0815F4091CE3337000DF0AD9 /* PrefixHeader.pch */,
				0815F4041CE31BF900DF0AD9 /* RuoshuiAnimationViewController.h */,
				0815F4051CE31BF900DF0AD9 /* RuoshuiAnimationViewController.m */,
				087E24EF1CEEB56B006F85A3 /* WaterDialogView */,
				08A8F3EB1CD244A4008505DD /* XSZCalendar */,
				08A5CF0E1CD0F3C900A26EF2 /* DanMuview */,
				08A5CEDE1CD0F39300A26EF2 /* AppDelegate.h */,
				08A5CEDF1CD0F39300A26EF2 /* AppDelegate.m */,
				08A5CEE11CD0F39300A26EF2 /* ViewController.h */,
				08A5CEE21CD0F39300A26EF2 /* ViewController.m */,
				08A5CEE41CD0F39300A26EF2 /* Main.storyboard */,
				08A5CEE71CD0F39300A26EF2 /* Assets.xcassets */,
				08A5CEE91CD0F39300A26EF2 /* LaunchScreen.storyboard */,
				08A5CEEC1CD0F39300A26EF2 /* Info.plist */,
				08A5CEDB1CD0F39300A26EF2 /* Supporting Files */,
			);
			path = XSZDanmuDemo;
			sourceTree = "<group>";
		};
		08A5CEDB1CD0F39300A26EF2 /* Supporting Files */ = {
			isa = PBXGroup;
			children = (
				08A5CEDC1CD0F39300A26EF2 /* main.m */,
			);
			name = "Supporting Files";
			sourceTree = "<group>";
		};
		08A5CEF41CD0F39300A26EF2 /* XSZDanmuDemoTests */ = {
			isa = PBXGroup;
			children = (
				08A5CEF51CD0F39300A26EF2 /* XSZDanmuDemoTests.m */,
				08A5CEF71CD0F39300A26EF2 /* Info.plist */,
			);
			path = XSZDanmuDemoTests;
			sourceTree = "<group>";
		};
		08A5CEFF1CD0F39300A26EF2 /* XSZDanmuDemoUITests */ = {
			isa = PBXGroup;
			children = (
				08A5CF001CD0F39300A26EF2 /* XSZDanmuDemoUITests.m */,
				08A5CF021CD0F39300A26EF2 /* Info.plist */,
			);
			path = XSZDanmuDemoUITests;
			sourceTree = "<group>";
		};
		08A5CF0E1CD0F3C900A26EF2 /* DanMuview */ = {
			isa = PBXGroup;
			children = (
				08A5CF0F1CD0F3C900A26EF2 /* XSZDanMuView.h */,
				08A5CF101CD0F3C900A26EF2 /* XSZDanMuView.m */,
			);
			path = DanMuview;
			sourceTree = "<group>";
		};
		08A8F3EB1CD244A4008505DD /* XSZCalendar */ = {
			isa = PBXGroup;
			children = (
				08A8F3EC1CD244A4008505DD /* CalendarViewCell.h */,
				08A8F3ED1CD244A4008505DD /* CalendarViewCell.m */,
				08A8F3EE1CD244A4008505DD /* CalendarViewController.h */,
				08A8F3EF1CD244A4008505DD /* CalendarViewController.m */,
				08A8F3F01CD244A4008505DD /* HeadReusableView.h */,
				08A8F3F11CD244A4008505DD /* HeadReusableView.m */,
				08A8F3F21CD244A4008505DD /* NSDate+YYAdd.h */,
				08A8F3F31CD244A4008505DD /* NSDate+YYAdd.m */,
				08A8F3F51CD244A4008505DD /* Utils.h */,
				08A8F3F61CD244A4008505DD /* Utils.m */,
				08A8F3F71CD244A4008505DD /* XSZCalendar.h */,
				08A8F3F81CD244A4008505DD /* XSZCalendar.m */,
			);
			path = XSZCalendar;
			sourceTree = "<group>";
		};
/* End PBXGroup section */

/* Begin PBXNativeTarget section */
		08A5CED71CD0F39300A26EF2 /* XSZDanmuDemo */ = {
			isa = PBXNativeTarget;
			buildConfigurationList = 08A5CF051CD0F39300A26EF2 /* Build configuration list for PBXNativeTarget "XSZDanmuDemo" */;
			buildPhases = (
				08A5CED41CD0F39300A26EF2 /* Sources */,
				08A5CED51CD0F39300A26EF2 /* Frameworks */,
				08A5CED61CD0F39300A26EF2 /* Resources */,
			);
			buildRules = (
			);
			dependencies = (
			);
			name = XSZDanmuDemo;
			productName = XSZDanmuDemo;
			productReference = 08A5CED81CD0F39300A26EF2 /* XSZDanmuDemo.app */;
			productType = "com.apple.product-type.application";
		};
		08A5CEF01CD0F39300A26EF2 /* XSZDanmuDemoTests */ = {
			isa = PBXNativeTarget;
			buildConfigurationList = 08A5CF081CD0F39300A26EF2 /* Build configuration list for PBXNativeTarget "XSZDanmuDemoTests" */;
			buildPhases = (
				08A5CEED1CD0F39300A26EF2 /* Sources */,
				08A5CEEE1CD0F39300A26EF2 /* Frameworks */,
				08A5CEEF1CD0F39300A26EF2 /* Resources */,
			);
			buildRules = (
			);
			dependencies = (
				08A5CEF31CD0F39300A26EF2 /* PBXTargetDependency */,
			);
			name = XSZDanmuDemoTests;
			productName = XSZDanmuDemoTests;
			productReference = 08A5CEF11CD0F39300A26EF2 /* XSZDanmuDemoTests.xctest */;
			productType = "com.apple.product-type.bundle.unit-test";
		};
		08A5CEFB1CD0F39300A26EF2 /* XSZDanmuDemoUITests */ = {
			isa = PBXNativeTarget;
			buildConfigurationList = 08A5CF0B1CD0F39300A26EF2 /* Build configuration list for PBXNativeTarget "XSZDanmuDemoUITests" */;
			buildPhases = (
				08A5CEF81CD0F39300A26EF2 /* Sources */,
				08A5CEF91CD0F39300A26EF2 /* Frameworks */,
				08A5CEFA1CD0F39300A26EF2 /* Resources */,
			);
			buildRules = (
			);
			dependencies = (
				08A5CEFE1CD0F39300A26EF2 /* PBXTargetDependency */,
			);
			name = XSZDanmuDemoUITests;
			productName = XSZDanmuDemoUITests;
			productReference = 08A5CEFC1CD0F39300A26EF2 /* XSZDanmuDemoUITests.xctest */;
			productType = "com.apple.product-type.bundle.ui-testing";
		};
/* End PBXNativeTarget section */

/* Begin PBXProject section */
		08A5CED01CD0F39300A26EF2 /* Project object */ = {
			isa = PBXProject;
			attributes = {
				LastUpgradeCheck = 0730;
				ORGANIZATIONNAME = hestrong;
				TargetAttributes = {
					08A5CED71CD0F39300A26EF2 = {
						CreatedOnToolsVersion = 7.3;
					};
					08A5CEF01CD0F39300A26EF2 = {
						CreatedOnToolsVersion = 7.3;
						TestTargetID = 08A5CED71CD0F39300A26EF2;
					};
					08A5CEFB1CD0F39300A26EF2 = {
						CreatedOnToolsVersion = 7.3;
						TestTargetID = 08A5CED71CD0F39300A26EF2;
					};
				};
			};
			buildConfigurationList = 08A5CED31CD0F39300A26EF2 /* Build configuration list for PBXProject "XSZDanmuDemo" */;
			compatibilityVersion = "Xcode 3.2";
			developmentRegion = English;
			hasScannedForEncodings = 0;
			knownRegions = (
				en,
				Base,
			);
			mainGroup = 08A5CECF1CD0F39300A26EF2;
			productRefGroup = 08A5CED91CD0F39300A26EF2 /* Products */;
			projectDirPath = "";
			projectRoot = "";
			targets = (
				08A5CED71CD0F39300A26EF2 /* XSZDanmuDemo */,
				08A5CEF01CD0F39300A26EF2 /* XSZDanmuDemoTests */,
				08A5CEFB1CD0F39300A26EF2 /* XSZDanmuDemoUITests */,
			);
		};
/* End PBXProject section */

/* Begin PBXResourcesBuildPhase section */
		08A5CED61CD0F39300A26EF2 /* Resources */ = {
			isa = PBXResourcesBuildPhase;
			buildActionMask = 2147483647;
			files = (
				08A5CEEB1CD0F39300A26EF2 /* LaunchScreen.storyboard in Resources */,
				08A5CEE81CD0F39300A26EF2 /* Assets.xcassets in Resources */,
				08A5CEE61CD0F39300A26EF2 /* Main.storyboard in Resources */,
			);
			runOnlyForDeploymentPostprocessing = 0;
		};
		08A5CEEF1CD0F39300A26EF2 /* Resources */ = {
			isa = PBXResourcesBuildPhase;
			buildActionMask = 2147483647;
			files = (
			);
			runOnlyForDeploymentPostprocessing = 0;
		};
		08A5CEFA1CD0F39300A26EF2 /* Resources */ = {
			isa = PBXResourcesBuildPhase;
			buildActionMask = 2147483647;
			files = (
			);
			runOnlyForDeploymentPostprocessing = 0;
		};
/* End PBXResourcesBuildPhase section */

/* Begin PBXSourcesBuildPhase section */
		08A5CED41CD0F39300A26EF2 /* Sources */ = {
			isa = PBXSourcesBuildPhase;
			buildActionMask = 2147483647;
			files = (
				08A8F3FE1CD244A4008505DD /* Utils.m in Sources */,
				08A8F3F91CD244A4008505DD /* CalendarViewCell.m in Sources */,
				08A8F3FB1CD244A4008505DD /* HeadReusableView.m in Sources */,
				08A8F3FF1CD244A4008505DD /* XSZCalendar.m in Sources */,
				0815F4061CE31BF900DF0AD9 /* RuoshuiAnimationViewController.m in Sources */,
				08A5CEE31CD0F39300A26EF2 /* ViewController.m in Sources */,
				08A5CEE01CD0F39300A26EF2 /* AppDelegate.m in Sources */,
				08A5CF111CD0F3C900A26EF2 /* XSZDanMuView.m in Sources */,
				08A8F3FA1CD244A4008505DD /* CalendarViewController.m in Sources */,
				08A8F3FC1CD244A4008505DD /* NSDate+YYAdd.m in Sources */,
				0841C08A1CEEC5F700EB416C /* WaveView.m in Sources */,
				08A5CEDD1CD0F39300A26EF2 /* main.m in Sources */,
			);
			runOnlyForDeploymentPostprocessing = 0;
		};
		08A5CEED1CD0F39300A26EF2 /* Sources */ = {
			isa = PBXSourcesBuildPhase;
			buildActionMask = 2147483647;
			files = (
				08A5CEF61CD0F39300A26EF2 /* XSZDanmuDemoTests.m in Sources */,
			);
			runOnlyForDeploymentPostprocessing = 0;
		};
		08A5CEF81CD0F39300A26EF2 /* Sources */ = {
			isa = PBXSourcesBuildPhase;
			buildActionMask = 2147483647;
			files = (
				08A5CF011CD0F39300A26EF2 /* XSZDanmuDemoUITests.m in Sources */,
			);
			runOnlyForDeploymentPostprocessing = 0;
		};
/* End PBXSourcesBuildPhase section */

/* Begin PBXTargetDependency section */
		08A5CEF31CD0F39300A26EF2 /* PBXTargetDependency */ = {
			isa = PBXTargetDependency;
			target = 08A5CED71CD0F39300A26EF2 /* XSZDanmuDemo */;
			targetProxy = 08A5CEF21CD0F39300A26EF2 /* PBXContainerItemProxy */;
		};
		08A5CEFE1CD0F39300A26EF2 /* PBXTargetDependency */ = {
			isa = PBXTargetDependency;
			target = 08A5CED71CD0F39300A26EF2 /* XSZDanmuDemo */;
			targetProxy = 08A5CEFD1CD0F39300A26EF2 /* PBXContainerItemProxy */;
		};
/* End PBXTargetDependency section */

/* Begin PBXVariantGroup section */
		08A5CEE41CD0F39300A26EF2 /* Main.storyboard */ = {
			isa = PBXVariantGroup;
			children = (
				08A5CEE51CD0F39300A26EF2 /* Base */,
			);
			name = Main.storyboard;
			sourceTree = "<group>";
		};
		08A5CEE91CD0F39300A26EF2 /* LaunchScreen.storyboard */ = {
			isa = PBXVariantGroup;
			children = (
				08A5CEEA1CD0F39300A26EF2 /* Base */,
			);
			name = LaunchScreen.storyboard;
			sourceTree = "<group>";
		};
/* End PBXVariantGroup section */

/* Begin XCBuildConfiguration section */
		08A5CF031CD0F39300A26EF2 /* Debug */ = {
			isa = XCBuildConfiguration;
			buildSettings = {
				ALWAYS_SEARCH_USER_PATHS = NO;
				CLANG_ANALYZER_NONNULL = YES;
				CLANG_CXX_LANGUAGE_STANDARD = "gnu++0x";
				CLANG_CXX_LIBRARY = "libc++";
				CLANG_ENABLE_MODULES = YES;
				CLANG_ENABLE_OBJC_ARC = YES;
				CLANG_WARN_BOOL_CONVERSION = YES;
				CLANG_WARN_CONSTANT_CONVERSION = YES;
				CLANG_WARN_DIRECT_OBJC_ISA_USAGE = YES_ERROR;
				CLANG_WARN_EMPTY_BODY = YES;
				CLANG_WARN_ENUM_CONVERSION = YES;
				CLANG_WARN_INT_CONVERSION = YES;
				CLANG_WARN_OBJC_ROOT_CLASS = YES_ERROR;
				CLANG_WARN_UNREACHABLE_CODE = YES;
				CLANG_WARN__DUPLICATE_METHOD_MATCH = YES;
				CODE_SIGN_IDENTITY = "iPhone Developer";
				"CODE_SIGN_IDENTITY[sdk=iphoneos*]" = "iPhone Developer";
				COPY_PHASE_STRIP = NO;
				DEBUG_INFORMATION_FORMAT = dwarf;
				ENABLE_STRICT_OBJC_MSGSEND = YES;
				ENABLE_TESTABILITY = YES;
				GCC_C_LANGUAGE_STANDARD = gnu99;
				GCC_DYNAMIC_NO_PIC = NO;
				GCC_NO_COMMON_BLOCKS = YES;
				GCC_OPTIMIZATION_LEVEL = 0;
				GCC_PREPROCESSOR_DEFINITIONS = (
					"DEBUG=1",
					"$(inherited)",
				);
				GCC_WARN_64_TO_32_BIT_CONVERSION = YES;
				GCC_WARN_ABOUT_RETURN_TYPE = YES_ERROR;
				GCC_WARN_UNDECLARED_SELECTOR = YES;
				GCC_WARN_UNINITIALIZED_AUTOS = YES_AGGRESSIVE;
				GCC_WARN_UNUSED_FUNCTION = YES;
				GCC_WARN_UNUSED_VARIABLE = YES;
				IPHONEOS_DEPLOYMENT_TARGET = 9.3;
				MTL_ENABLE_DEBUG_INFO = YES;
				ONLY_ACTIVE_ARCH = YES;
				SDKROOT = iphoneos;
			};
			name = Debug;
		};
		08A5CF041CD0F39300A26EF2 /* Release */ = {
			isa = XCBuildConfiguration;
			buildSettings = {
				ALWAYS_SEARCH_USER_PATHS = NO;
				CLANG_ANALYZER_NONNULL = YES;
				CLANG_CXX_LANGUAGE_STANDARD = "gnu++0x";
				CLANG_CXX_LIBRARY = "libc++";
				CLANG_ENABLE_MODULES = YES;
				CLANG_ENABLE_OBJC_ARC = YES;
				CLANG_WARN_BOOL_CONVERSION = YES;
				CLANG_WARN_CONSTANT_CONVERSION = YES;
				CLANG_WARN_DIRECT_OBJC_ISA_USAGE = YES_ERROR;
				CLANG_WARN_EMPTY_BODY = YES;
				CLANG_WARN_ENUM_CONVERSION = YES;
				CLANG_WARN_INT_CONVERSION = YES;
				CLANG_WARN_OBJC_ROOT_CLASS = YES_ERROR;
				CLANG_WARN_UNREACHABLE_CODE = YES;
				CLANG_WARN__DUPLICATE_METHOD_MATCH = YES;
				CODE_SIGN_IDENTITY = "iPhone Developer";
				"CODE_SIGN_IDENTITY[sdk=iphoneos*]" = "iPhone Developer";
				COPY_PHASE_STRIP = NO;
				DEBUG_INFORMATION_FORMAT = "dwarf-with-dsym";
				ENABLE_NS_ASSERTIONS = NO;
				ENABLE_STRICT_OBJC_MSGSEND = YES;
				GCC_C_LANGUAGE_STANDARD = gnu99;
				GCC_NO_COMMON_BLOCKS = YES;
				GCC_WARN_64_TO_32_BIT_CONVERSION = YES;
				GCC_WARN_ABOUT_RETURN_TYPE = YES_ERROR;
				GCC_WARN_UNDECLARED_SELECTOR = YES;
				GCC_WARN_UNINITIALIZED_AUTOS = YES_AGGRESSIVE;
				GCC_WARN_UNUSED_FUNCTION = YES;
				GCC_WARN_UNUSED_VARIABLE = YES;
				IPHONEOS_DEPLOYMENT_TARGET = 9.3;
				MTL_ENABLE_DEBUG_INFO = NO;
				SDKROOT = iphoneos;
				VALIDATE_PRODUCT = YES;
			};
			name = Release;
		};
		08A5CF061CD0F39300A26EF2 /* Debug */ = {
			isa = XCBuildConfiguration;
			buildSettings = {
				ASSETCATALOG_COMPILER_APPICON_NAME = AppIcon;
				CODE_SIGN_IDENTITY = "iPhone Developer";
				GCC_PREFIX_HEADER = "$(SRCROOT)/PrefixHeader.pch";
				INFOPLIST_FILE = XSZDanmuDemo/Info.plist;
				LD_RUNPATH_SEARCH_PATHS = "$(inherited) @executable_path/Frameworks";
				PRODUCT_BUNDLE_IDENTIFIER = com.XSZDanmuDemo;
				PRODUCT_NAME = "$(TARGET_NAME)";
			};
			name = Debug;
		};
		08A5CF071CD0F39300A26EF2 /* Release */ = {
			isa = XCBuildConfiguration;
			buildSettings = {
				ASSETCATALOG_COMPILER_APPICON_NAME = AppIcon;
				CODE_SIGN_IDENTITY = "iPhone Developer";
				GCC_PREFIX_HEADER = "$(SRCROOT)/PrefixHeader.pch";
				INFOPLIST_FILE = XSZDanmuDemo/Info.plist;
				LD_RUNPATH_SEARCH_PATHS = "$(inherited) @executable_path/Frameworks";
				PRODUCT_BUNDLE_IDENTIFIER = com.XSZDanmuDemo;
				PRODUCT_NAME = "$(TARGET_NAME)";
			};
			name = Release;
		};
		08A5CF091CD0F39300A26EF2 /* Debug */ = {
			isa = XCBuildConfiguration;
			buildSettings = {
				BUNDLE_LOADER = "$(TEST_HOST)";
				CODE_SIGN_IDENTITY = "iPhone Developer";
				INFOPLIST_FILE = XSZDanmuDemoTests/Info.plist;
				LD_RUNPATH_SEARCH_PATHS = "$(inherited) @executable_path/Frameworks @loader_path/Frameworks";
				PRODUCT_BUNDLE_IDENTIFIER = com.XSZDanmuDemoTests;
				PRODUCT_NAME = "$(TARGET_NAME)";
				TEST_HOST = "$(BUILT_PRODUCTS_DIR)/XSZDanmuDemo.app/XSZDanmuDemo";
			};
			name = Debug;
		};
		08A5CF0A1CD0F39300A26EF2 /* Release */ = {
			isa = XCBuildConfiguration;
			buildSettings = {
				BUNDLE_LOADER = "$(TEST_HOST)";
				CODE_SIGN_IDENTITY = "iPhone Developer";
				INFOPLIST_FILE = XSZDanmuDemoTests/Info.plist;
				LD_RUNPATH_SEARCH_PATHS = "$(inherited) @executable_path/Frameworks @loader_path/Frameworks";
				PRODUCT_BUNDLE_IDENTIFIER = com.XSZDanmuDemoTests;
				PRODUCT_NAME = "$(TARGET_NAME)";
				TEST_HOST = "$(BUILT_PRODUCTS_DIR)/XSZDanmuDemo.app/XSZDanmuDemo";
			};
			name = Release;
		};
		08A5CF0C1CD0F39300A26EF2 /* Debug */ = {
			isa = XCBuildConfiguration;
			buildSettings = {
				INFOPLIST_FILE = XSZDanmuDemoUITests/Info.plist;
				LD_RUNPATH_SEARCH_PATHS = "$(inherited) @executable_path/Frameworks @loader_path/Frameworks";
				PRODUCT_BUNDLE_IDENTIFIER = com.XSZDanmuDemoUITests;
				PRODUCT_NAME = "$(TARGET_NAME)";
				TEST_TARGET_NAME = XSZDanmuDemo;
			};
			name = Debug;
		};
		08A5CF0D1CD0F39300A26EF2 /* Release */ = {
			isa = XCBuildConfiguration;
			buildSettings = {
				INFOPLIST_FILE = XSZDanmuDemoUITests/Info.plist;
				LD_RUNPATH_SEARCH_PATHS = "$(inherited) @executable_path/Frameworks @loader_path/Frameworks";
				PRODUCT_BUNDLE_IDENTIFIER = com.XSZDanmuDemoUITests;
				PRODUCT_NAME = "$(TARGET_NAME)";
				TEST_TARGET_NAME = XSZDanmuDemo;
			};
			name = Release;
		};
/* End XCBuildConfiguration section */

/* Begin XCConfigurationList section */
		08A5CED31CD0F39300A26EF2 /* Build configuration list for PBXProject "XSZDanmuDemo" */ = {
			isa = XCConfigurationList;
			buildConfigurations = (
				08A5CF031CD0F39300A26EF2 /* Debug */,
				08A5CF041CD0F39300A26EF2 /* Release */,
			);
			defaultConfigurationIsVisible = 0;
			defaultConfigurationName = Release;
		};
		08A5CF051CD0F39300A26EF2 /* Build configuration list for PBXNativeTarget "XSZDanmuDemo" */ = {
			isa = XCConfigurationList;
			buildConfigurations = (
				08A5CF061CD0F39300A26EF2 /* Debug */,
				08A5CF071CD0F39300A26EF2 /* Release */,
			);
			defaultConfigurationIsVisible = 0;
			defaultConfigurationName = Release;
		};
		08A5CF081CD0F39300A26EF2 /* Build configuration list for PBXNativeTarget "XSZDanmuDemoTests" */ = {
			isa = XCConfigurationList;
			buildConfigurations = (
				08A5CF091CD0F39300A26EF2 /* Debug */,
				08A5CF0A1CD0F39300A26EF2 /* Release */,
			);
			defaultConfigurationIsVisible = 0;
			defaultConfigurationName = Release;
		};
		08A5CF0B1CD0F39300A26EF2 /* Build configuration list for PBXNativeTarget "XSZDanmuDemoUITests" */ = {
			isa = XCConfigurationList;
			buildConfigurations = (
				08A5CF0C1CD0F39300A26EF2 /* Debug */,
				08A5CF0D1CD0F39300A26EF2 /* Release */,
			);
			defaultConfigurationIsVisible = 0;
			defaultConfigurationName = Release;
		};
/* End XCConfigurationList section */
	};
	rootObject = 08A5CED01CD0F39300A26EF2 /* Project object */;
}
